
Microsoft Visual Studio Solution File, Format Version 12.00
# Visual Studio Version 17
VisualStudioVersion = 17.8.34525.116
MinimumVisualStudioVersion = 10.0.40219.1
Project("{FAE04EC0-301F-11D3-BF4B-00C04F79EFBC}") = "HealthStatus", "HealthStatus\HealthStatus.csproj", "{E2D964CC-121E-4520-841B-3F997682BBDA}"
EndProject
Global
	GlobalSection(SolutionConfigurationPlatforms) = preSolution
		Debug|Any CPU = Debug|Any CPU
		Release|Any CPU = Release|Any CPU
	EndGlobalSection
	GlobalSection(ProjectConfigurationPlatforms) = postSolution
		{E2D964CC-121E-4520-841B-3F997682BBDA}.Debug|Any CPU.ActiveCfg = Debug|Any CPU
		{E2D964CC-121E-4520-841B-3F997682BBDA}.Debug|Any CPU.Build.0 = Debug|Any CPU
		{E2D964CC-121E-4520-841B-3F997682BBDA}.Debug|Any CPU.Deploy.0 = Debug|Any CPU
		{E2D964CC-121E-4520-841B-3F997682BBDA}.Release|Any CPU.ActiveCfg = Release|Any CPU
		{E2D964CC-121E-4520-841B-3F997682BBDA}.Release|Any CPU.Build.0 = Release|Any CPU
		{E2D964CC-121E-4520-841B-3F997682BBDA}.Release|Any CPU.Deploy.0 = Release|Any CPU
	EndGlobalSection
	GlobalSection(SolutionProperties) = preSolution
		HideSolutionNode = FALSE
	EndGlobalSection
	GlobalSection(ExtensibilityGlobals) = postSolution
		SolutionGuid = {2179731D-E7C7-47C0-964A-078A7BF8C032}
	EndGlobalSection
EndGlobal
